
Microsoft Visual Studio Solution File, Format Version 12.00
# Visual Studio Version 17
VisualStudioVersion = 17.14.37027.9
MinimumVisualStudioVersion = 10.0.40219.1
Project("{FAE04EC0-301F-11D3-BF4B-00C04F79EFBC}") = "Mrp.API", "Mrp.API\Mrp.API.csproj", "{380E0460-D6D4-4453-BB48-E24BCD8F3D04}"
EndProject
Project("{FAE04EC0-301F-11D3-BF4B-00C04F79EFBC}") = "Mrp.Core", "Mrp.Core\Mrp.Core.csproj", "{93A29E6C-3DB0-49ED-8AF7-4B6D79CF18EF}"
EndProject
Project("{FAE04EC0-301F-11D3-BF4B-00C04F79EFBC}") = "Mrp.DataAccess", "Mrp.DataAccess\Mrp.DataAccess.csproj", "{8A7655F5-3BD5-49A5-802C-D436F9DC0A49}"
EndProject
Project("{FAE04EC0-301F-11D3-BF4B-00C04F79EFBC}") = "Mrp.Application", "Mrp.Application\Mrp.Application.csproj", "{CA925A88-CE67-4DF8-BA80-9DA623DB3130}"
EndProject
Global
	GlobalSection(SolutionConfigurationPlatforms) = preSolution
		Debug|Any CPU = Debug|Any CPU
		Release|Any CPU = Release|Any CPU
	EndGlobalSection
	GlobalSection(ProjectConfigurationPlatforms) = postSolution
		{380E0460-D6D4-4453-BB48-E24BCD8F3D04}.Debug|Any CPU.ActiveCfg = Debug|Any CPU
		{380E0460-D6D4-4453-BB48-E24BCD8F3D04}.Debug|Any CPU.Build.0 = Debug|Any CPU
		{380E0460-D6D4-4453-BB48-E24BCD8F3D04}.Release|Any CPU.ActiveCfg = Release|Any CPU
		{380E0460-D6D4-4453-BB48-E24BCD8F3D04}.Release|Any CPU.Build.0 = Release|Any CPU
		{93A29E6C-3DB0-49ED-8AF7-4B6D79CF18EF}.Debug|Any CPU.ActiveCfg = Debug|Any CPU
		{93A29E6C-3DB0-49ED-8AF7-4B6D79CF18EF}.Debug|Any CPU.Build.0 = Debug|Any CPU
		{93A29E6C-3DB0-49ED-8AF7-4B6D79CF18EF}.Release|Any CPU.ActiveCfg = Release|Any CPU
		{93A29E6C-3DB0-49ED-8AF7-4B6D79CF18EF}.Release|Any CPU.Build.0 = Release|Any CPU
		{8A7655F5-3BD5-49A5-802C-D436F9DC0A49}.Debug|Any CPU.ActiveCfg = Debug|Any CPU
		{8A7655F5-3BD5-49A5-802C-D436F9DC0A49}.Debug|Any CPU.Build.0 = Debug|Any CPU
		{8A7655F5-3BD5-49A5-802C-D436F9DC0A49}.Release|Any CPU.ActiveCfg = Release|Any CPU
		{8A7655F5-3BD5-49A5-802C-D436F9DC0A49}.Release|Any CPU.Build.0 = Release|Any CPU
		{CA925A88-CE67-4DF8-BA80-9DA623DB3130}.Debug|Any CPU.ActiveCfg = Debug|Any CPU
		{CA925A88-CE67-4DF8-BA80-9DA623DB3130}.Debug|Any CPU.Build.0 = Debug|Any CPU
		{CA925A88-CE67-4DF8-BA80-9DA623DB3130}.Release|Any CPU.ActiveCfg = Release|Any CPU
		{CA925A88-CE67-4DF8-BA80-9DA623DB3130}.Release|Any CPU.Build.0 = Release|Any CPU
	EndGlobalSection
	GlobalSection(SolutionProperties) = preSolution
		HideSolutionNode = FALSE
	EndGlobalSection
	GlobalSection(ExtensibilityGlobals) = postSolution
		SolutionGuid = {1FB9962B-C1CA-48D9-9E7A-A90D40EA1EB1}
	EndGlobalSection
EndGlobal
